// !$*UTF8*$!
{
	archiveVersion = 1;
	classes = {
	};
	objectVersion = 51;
	objects = {

/* Begin PBXBuildFile section */
		660C84F3274EDC09005370E0 /* quaver_rest.json in Resources */ = {isa = PBXBuildFile; fileRef = 660C84E9274EDC08005370E0 /* quaver_rest.json */; };
		660C84F4274EDC09005370E0 /* semiquaver_rest.json in Resources */ = {isa = PBXBuildFile; fileRef = 660C84EA274EDC08005370E0 /* semiquaver_rest.json */; };
		660C84F5274EDC09005370E0 /* half_rest.json in Resources */ = {isa = PBXBuildFile; fileRef = 660C84EB274EDC08005370E0 /* half_rest.json */; };
		660C84F6274EDC09005370E0 /* crotchet.json in Resources */ = {isa = PBXBuildFile; fileRef = 660C84EC274EDC08005370E0 /* crotchet.json */; };
		660C84F7274EDC09005370E0 /* whole_rest.json in Resources */ = {isa = PBXBuildFile; fileRef = 660C84ED274EDC08005370E0 /* whole_rest.json */; };
		660C84F8274EDC09005370E0 /* whole.json in Resources */ = {isa = PBXBuildFile; fileRef = 660C84EE274EDC08005370E0 /* whole.json */; };
		660C84F9274EDC09005370E0 /* quaver.json in Resources */ = {isa = PBXBuildFile; fileRef = 660C84EF274EDC09005370E0 /* quaver.json */; };
		660C84FA274EDC09005370E0 /* crotchet_rest.json in Resources */ = {isa = PBXBuildFile; fileRef = 660C84F0274EDC09005370E0 /* crotchet_rest.json */; };
		660C84FB274EDC09005370E0 /* half.json in Resources */ = {isa = PBXBuildFile; fileRef = 660C84F1274EDC09005370E0 /* half.json */; };
		660C84FC274EDC09005370E0 /* semiquaver.json in Resources */ = {isa = PBXBuildFile; fileRef = 660C84F2274EDC09005370E0 /* semiquaver.json */; };
		660C84FE2752A881005370E0 /* treble.svg in Resources */ = {isa = PBXBuildFile; fileRef = 660C84FD2752A881005370E0 /* treble.svg */; };
		660C85002752A892005370E0 /* treble.json in Resources */ = {isa = PBXBuildFile; fileRef = 660C84FF2752A892005370E0 /* treble.json */; };
		6614E767269E2A61007C75A5 /* FourierSeries.swift in Sources */ = {isa = PBXBuildFile; fileRef = 6614E766269E2A61007C75A5 /* FourierSeries.swift */; };
		6617083F27EEA12700B56A23 /* AudioRecorderDelegate.swift in Sources */ = {isa = PBXBuildFile; fileRef = 6617083E27EEA12700B56A23 /* AudioRecorderDelegate.swift */; };
		6619C0B627EDFB0E00560A0B /* AudioRecorderView.swift in Sources */ = {isa = PBXBuildFile; fileRef = 6619C0B527EDFB0E00560A0B /* AudioRecorderView.swift */; };
		661F81772773B7AC00FC0A64 /* CredentialManager.swift in Sources */ = {isa = PBXBuildFile; fileRef = 661F81762773B7AC00FC0A64 /* CredentialManager.swift */; };
		6620FA4C2652BD65009E9D86 /* FloatViewDelegate.swift in Sources */ = {isa = PBXBuildFile; fileRef = 6620FA4B2652BD65009E9D86 /* FloatViewDelegate.swift */; };
		662904F826A8932000342E3D /* whole.svg in Resources */ = {isa = PBXBuildFile; fileRef = 662904F326A8932000342E3D /* whole.svg */; };
		662904F926A8932000342E3D /* crotchet.svg in Resources */ = {isa = PBXBuildFile; fileRef = 662904F426A8932000342E3D /* crotchet.svg */; };
		662904FA26A8932000342E3D /* half.svg in Resources */ = {isa = PBXBuildFile; fileRef = 662904F526A8932000342E3D /* half.svg */; };
		662904FB26A8932000342E3D /* semiquaver.svg in Resources */ = {isa = PBXBuildFile; fileRef = 662904F626A8932000342E3D /* semiquaver.svg */; };
		662904FC26A8932000342E3D /* quaver.svg in Resources */ = {isa = PBXBuildFile; fileRef = 662904F726A8932000342E3D /* quaver.svg */; };
		664C2C442610D0B3002301A0 /* MainView.swift in Sources */ = {isa = PBXBuildFile; fileRef = 664C2C432610D0B3002301A0 /* MainView.swift */; };
		664E4DE827E6872100BD21E1 /* RecordingViewController.swift in Sources */ = {isa = PBXBuildFile; fileRef = 664E4DE727E6872100BD21E1 /* RecordingViewController.swift */; };
		664E4DEA27E984E400BD21E1 /* AudioPlayerView.swift in Sources */ = {isa = PBXBuildFile; fileRef = 664E4DE927E984E400BD21E1 /* AudioPlayerView.swift */; };
		665685702A0333E300DD749E /* TrackView.swift in Sources */ = {isa = PBXBuildFile; fileRef = 6656856F2A0333E300DD749E /* TrackView.swift */; };
		666C30F526652506003DCAB6 /* LeaderBoardNavigation.swift in Sources */ = {isa = PBXBuildFile; fileRef = 666C30F426652506003DCAB6 /* LeaderBoardNavigation.swift */; };
		667FD6D8277FCF5D0075DC04 /* DebugViewController.swift in Sources */ = {isa = PBXBuildFile; fileRef = 667FD6D7277FCF5D0075DC04 /* DebugViewController.swift */; };
		6687F2932A10077F00382F44 /* WaveFormLayer.swift in Sources */ = {isa = PBXBuildFile; fileRef = 6687F2922A10077F00382F44 /* WaveFormLayer.swift */; };
		6687F2972A11A8D800382F44 /* TrackViewController.swift in Sources */ = {isa = PBXBuildFile; fileRef = 6687F2962A11A8D800382F44 /* TrackViewController.swift */; };
		6687F2992A13CEC100382F44 /* TrackItemView.swift in Sources */ = {isa = PBXBuildFile; fileRef = 6687F2982A13CEC100382F44 /* TrackItemView.swift */; };
		6687F29B2A17302400382F44 /* TrackAsset.swift in Sources */ = {isa = PBXBuildFile; fileRef = 6687F29A2A17302300382F44 /* TrackAsset.swift */; };
		6687F2A02A1E56A800382F44 /* ToolBarView.swift in Sources */ = {isa = PBXBuildFile; fileRef = 6687F29F2A1E56A800382F44 /* ToolBarView.swift */; };
		6687F2A22A1E63C200382F44 /* TrackViewControllerDelegate.swift in Sources */ = {isa = PBXBuildFile; fileRef = 6687F2A12A1E63C200382F44 /* TrackViewControllerDelegate.swift */; };
		6687F2A62A5DBC6F00382F44 /* VideoExportProgressView.swift in Sources */ = {isa = PBXBuildFile; fileRef = 6687F2A52A5DBC6E00382F44 /* VideoExportProgressView.swift */; };
		668AAFEF265B099C0083CB5B /* UserInfoViewController.swift in Sources */ = {isa = PBXBuildFile; fileRef = 668AAFEE265B099C0083CB5B /* UserInfoViewController.swift */; };
		6692E5FC27F9CAD600180A0F /* AudioLabelView.swift in Sources */ = {isa = PBXBuildFile; fileRef = 6692E5FB27F9CAD600180A0F /* AudioLabelView.swift */; };
		6692E5FE27FA5DA800180A0F /* AudioFileCell.swift in Sources */ = {isa = PBXBuildFile; fileRef = 6692E5FD27FA5DA800180A0F /* AudioFileCell.swift */; };
		66A4B1AE269246FA00FA38CB /* LoginViewController.swift in Sources */ = {isa = PBXBuildFile; fileRef = 66A4B1AD269246FA00FA38CB /* LoginViewController.swift */; };
		66A4F650266035CF002985BA /* CalendarCell.swift in Sources */ = {isa = PBXBuildFile; fileRef = 66A4F64F266035CF002985BA /* CalendarCell.swift */; };
		66A973072A0A9939006D2D8D /* FDAudioContext.swift in Sources */ = {isa = PBXBuildFile; fileRef = 66A973062A0A9939006D2D8D /* FDAudioContext.swift */; };
		66A973092A0A993D006D2D8D /* FDWaveformRenderOperation.swift in Sources */ = {isa = PBXBuildFile; fileRef = 66A973082A0A993D006D2D8D /* FDWaveformRenderOperation.swift */; };
		66A9730B2A0A9941006D2D8D /* FDWaveformView.swift in Sources */ = {isa = PBXBuildFile; fileRef = 66A9730A2A0A9940006D2D8D /* FDWaveformView.swift */; };
		66AC52C326B87332005ED27F /* half_rest.svg in Resources */ = {isa = PBXBuildFile; fileRef = 66AC52C126B87332005ED27F /* half_rest.svg */; };
		66AC52C626B87885005ED27F /* crotchet_rest.svg in Resources */ = {isa = PBXBuildFile; fileRef = 66AC52C526B87885005ED27F /* crotchet_rest.svg */; };
		66AC52C826B87A49005ED27F /* whole_rest.svg in Resources */ = {isa = PBXBuildFile; fileRef = 66AC52C726B87A49005ED27F /* whole_rest.svg */; };
		66AC52CE26B89668005ED27F /* semiquaver_rest.svg in Resources */ = {isa = PBXBuildFile; fileRef = 66AC52CC26B89668005ED27F /* semiquaver_rest.svg */; };
		66ADE5A825BE2B0A004B20C6 /* AppDelegate.swift in Sources */ = {isa = PBXBuildFile; fileRef = 66ADE5A725BE2B0A004B20C6 /* AppDelegate.swift */; };
		66ADE5AA25BE2B0A004B20C6 /* SceneDelegate.swift in Sources */ = {isa = PBXBuildFile; fileRef = 66ADE5A925BE2B0A004B20C6 /* SceneDelegate.swift */; };
		66ADE5AC25BE2B0A004B20C6 /* MainViewController.swift in Sources */ = {isa = PBXBuildFile; fileRef = 66ADE5AB25BE2B0A004B20C6 /* MainViewController.swift */; };
		66ADE5B125BE2B0B004B20C6 /* Assets.xcassets in Resources */ = {isa = PBXBuildFile; fileRef = 66ADE5B025BE2B0B004B20C6 /* Assets.xcassets */; };
		66ADE5B425BE2B0B004B20C6 /* LaunchScreen.storyboard in Resources */ = {isa = PBXBuildFile; fileRef = 66ADE5B225BE2B0B004B20C6 /* LaunchScreen.storyboard */; };
		66ADE5BF25BE2B0B004B20C6 /* lingling_wannabeTests.swift in Sources */ = {isa = PBXBuildFile; fileRef = 66ADE5BE25BE2B0B004B20C6 /* lingling_wannabeTests.swift */; };
		66ADE5CA25BE2B0B004B20C6 /* lingling_wannabeUITests.swift in Sources */ = {isa = PBXBuildFile; fileRef = 66ADE5C925BE2B0B004B20C6 /* lingling_wannabeUITests.swift */; };
		66B4369029DE233D007B9B5A /* AVRecorderViewController.swift in Sources */ = {isa = PBXBuildFile; fileRef = 66B4368F29DE233D007B9B5A /* AVRecorderViewController.swift */; };
		66B4369229F5AB26007B9B5A /* VideoEditorViewController.swift in Sources */ = {isa = PBXBuildFile; fileRef = 66B4369129F5AB26007B9B5A /* VideoEditorViewController.swift */; };
		66B6D68526D54C1D0001F6B5 /* DataManager.swift in Sources */ = {isa = PBXBuildFile; fileRef = 66B6D68426D54C1D0001F6B5 /* DataManager.swift */; };
		66B6D68726D5505A0001F6B5 /* data.db in Resources */ = {isa = PBXBuildFile; fileRef = 66B6D68626D54F740001F6B5 /* data.db */; };
		66B6D68A26D551730001F6B5 /* quaver_rest.svg in Resources */ = {isa = PBXBuildFile; fileRef = 66B6D68926D551730001F6B5 /* quaver_rest.svg */; };
		66BBDD5D260A85C4008E54EC /* MSCircularSlider.swift in Sources */ = {isa = PBXBuildFile; fileRef = 66BBDD5C260A85C4008E54EC /* MSCircularSlider.swift */; };
		66BBDD62260A85CB008E54EC /* MSCircularSliderHandle.swift in Sources */ = {isa = PBXBuildFile; fileRef = 66BBDD61260A85CB008E54EC /* MSCircularSliderHandle.swift */; };
		66BBDD67260A85D8008E54EC /* MSDoubleHandleCircularSlider.swift in Sources */ = {isa = PBXBuildFile; fileRef = 66BBDD66260A85D8008E54EC /* MSDoubleHandleCircularSlider.swift */; };
		66BBDD6C260A85E0008E54EC /* MSGradientCircularSlider.swift in Sources */ = {isa = PBXBuildFile; fileRef = 66BBDD6B260A85E0008E54EC /* MSGradientCircularSlider.swift */; };
		66C099FB26693AA9008F892D /* LeaderBoardViewController.swift in Sources */ = {isa = PBXBuildFile; fileRef = 66C099FA26693AA9008F892D /* LeaderBoardViewController.swift */; };
		66C957E426514D90008C5B7F /* Metronome.swift in Sources */ = {isa = PBXBuildFile; fileRef = 66C957E326514D90008C5B7F /* Metronome.swift */; };
		66C957F4265292C4008C5B7F /* tick.wav in Resources */ = {isa = PBXBuildFile; fileRef = 66C957F3265292C4008C5B7F /* tick.wav */; };
		66D08643266AC76E0089C833 /* LeaderBoardTableViewController.swift in Sources */ = {isa = PBXBuildFile; fileRef = 66D08642266AC76E0089C833 /* LeaderBoardTableViewController.swift */; };
		66D0864B266C07540089C833 /* LeaderBoardCell.swift in Sources */ = {isa = PBXBuildFile; fileRef = 66D0864A266C07540089C833 /* LeaderBoardCell.swift */; };
		66DCD97227C5D47800BF768D /* InstrumentSelectionViewController.swift in Sources */ = {isa = PBXBuildFile; fileRef = 66DCD97127C5D47800BF768D /* InstrumentSelectionViewController.swift */; };
		66E0478D27B84CA60074935A /* FilesManager.swift in Sources */ = {isa = PBXBuildFile; fileRef = 66E0478C27B84CA50074935A /* FilesManager.swift */; };
		66E0478F27B899A40074935A /* TutorialView.swift in Sources */ = {isa = PBXBuildFile; fileRef = 66E0478E27B899A40074935A /* TutorialView.swift */; };
		66E7604D2752E30C00FD0E0F /* LayerRemover.swift in Sources */ = {isa = PBXBuildFile; fileRef = 66E7604C2752E30C00FD0E0F /* LayerRemover.swift */; };
		66EA953C26603AA800B59721 /* CalendarData.swift in Sources */ = {isa = PBXBuildFile; fileRef = 66EA953B26603AA800B59721 /* CalendarData.swift */; };
		66EC2F9A263EFF6400F700E5 /* PracticeViewController.swift in Sources */ = {isa = PBXBuildFile; fileRef = 66EC2F99263EFF6400F700E5 /* PracticeViewController.swift */; };
		66F134CF265D7D1500751D23 /* Helper.swift in Sources */ = {isa = PBXBuildFile; fileRef = 66F134CE265D7D1500751D23 /* Helper.swift */; };
		66FDECE22607CFA300FB9019 /* AudioStreamAnalyzer.swift in Sources */ = {isa = PBXBuildFile; fileRef = 66FDECE12607CFA300FB9019 /* AudioStreamAnalyzer.swift */; };
		66FDECE72607CFC500FB9019 /* TwoCategory.mlmodel in Sources */ = {isa = PBXBuildFile; fileRef = 66FDECE62607CFC500FB9019 /* TwoCategory.mlmodel */; };
		66FDECEC2607D10900FB9019 /* ResultDelegate.swift in Sources */ = {isa = PBXBuildFile; fileRef = 66FDECEB2607D10900FB9019 /* ResultDelegate.swift */; };
		66FFF8EB27F8D92F0045568E /* SettingNavigation.swift in Sources */ = {isa = PBXBuildFile; fileRef = 66FFF8EA27F8D92F0045568E /* SettingNavigation.swift */; };
		66FFF8ED27F8DA370045568E /* SettingViewController.swift in Sources */ = {isa = PBXBuildFile; fileRef = 66FFF8EC27F8DA370045568E /* SettingViewController.swift */; };
		66FFF8F027F8E0A00045568E /* SettingDelegate.swift in Sources */ = {isa = PBXBuildFile; fileRef = 66FFF8EF27F8E0A00045568E /* SettingDelegate.swift */; };
		A948108B89948C5A3CE6D423 /* Pods_lingling_wannabe.framework in Frameworks */ = {isa = PBXBuildFile; fileRef = B9109EB472831329D990D3AB /* Pods_lingling_wannabe.framework */; };
/* End PBXBuildFile section */

/* Begin PBXContainerItemProxy section */
		66ADE5BB25BE2B0B004B20C6 /* PBXContainerItemProxy */ = {
			isa = PBXContainerItemProxy;
			containerPortal = 66ADE59C25BE2B0A004B20C6 /* Project object */;
			proxyType = 1;
			remoteGlobalIDString = 66ADE5A325BE2B0A004B20C6;
			remoteInfo = "lingling wannabe";
		};
		66ADE5C625BE2B0B004B20C6 /* PBXContainerItemProxy */ = {
			isa = PBXContainerItemProxy;
			containerPortal = 66ADE59C25BE2B0A004B20C6 /* Project object */;
			proxyType = 1;
			remoteGlobalIDString = 66ADE5A325BE2B0A004B20C6;
			remoteInfo = "lingling wannabe";
		};
/* End PBXContainerItemProxy section */

/* Begin PBXFileReference section */
		660C84E9274EDC08005370E0 /* quaver_rest.json */ = {isa = PBXFileReference; fileEncoding = 4; lastKnownFileType = text.json; path = quaver_rest.json; sourceTree = "<group>"; };
		660C84EA274EDC08005370E0 /* semiquaver_rest.json */ = {isa = PBXFileReference; fileEncoding = 4; lastKnownFileType = text.json; path = semiquaver_rest.json; sourceTree = "<group>"; };
		660C84EB274EDC08005370E0 /* half_rest.json */ = {isa = PBXFileReference; fileEncoding = 4; lastKnownFileType = text.json; path = half_rest.json; sourceTree = "<group>"; };
		660C84EC274EDC08005370E0 /* crotchet.json */ = {isa = PBXFileReference; fileEncoding = 4; lastKnownFileType = text.json; path = crotchet.json; sourceTree = "<group>"; };
		660C84ED274EDC08005370E0 /* whole_rest.json */ = {isa = PBXFileReference; fileEncoding = 4; lastKnownFileType = text.json; path = whole_rest.json; sourceTree = "<group>"; };
		660C84EE274EDC08005370E0 /* whole.json */ = {isa = PBXFileReference; fileEncoding = 4; lastKnownFileType = text.json; path = whole.json; sourceTree = "<group>"; };
		660C84EF274EDC09005370E0 /* quaver.json */ = {isa = PBXFileReference; fileEncoding = 4; lastKnownFileType = text.json; path = quaver.json; sourceTree = "<group>"; };
		660C84F0274EDC09005370E0 /* crotchet_rest.json */ = {isa = PBXFileReference; fileEncoding = 4; lastKnownFileType = text.json; path = crotchet_rest.json; sourceTree = "<group>"; };
		660C84F1274EDC09005370E0 /* half.json */ = {isa = PBXFileReference; fileEncoding = 4; lastKnownFileType = text.json; path = half.json; sourceTree = "<group>"; };
		660C84F2274EDC09005370E0 /* semiquaver.json */ = {isa = PBXFileReference; fileEncoding = 4; lastKnownFileType = text.json; path = semiquaver.json; sourceTree = "<group>"; };
		660C84FD2752A881005370E0 /* treble.svg */ = {isa = PBXFileReference; fileEncoding = 4; lastKnownFileType = text.xml; path = treble.svg; sourceTree = "<group>"; };
		660C84FF2752A892005370E0 /* treble.json */ = {isa = PBXFileReference; fileEncoding = 4; lastKnownFileType = text.json; path = treble.json; sourceTree = "<group>"; };
		6614E766269E2A61007C75A5 /* FourierSeries.swift */ = {isa = PBXFileReference; lastKnownFileType = sourcecode.swift; path = FourierSeries.swift; sourceTree = "<group>"; };
		6617083E27EEA12700B56A23 /* AudioRecorderDelegate.swift */ = {isa = PBXFileReference; lastKnownFileType = sourcecode.swift; path = AudioRecorderDelegate.swift; sourceTree = "<group>"; };
		6619C0B527EDFB0E00560A0B /* AudioRecorderView.swift */ = {isa = PBXFileReference; lastKnownFileType = sourcecode.swift; path = AudioRecorderView.swift; sourceTree = "<group>"; };
		661F81762773B7AC00FC0A64 /* CredentialManager.swift */ = {isa = PBXFileReference; lastKnownFileType = sourcecode.swift; path = CredentialManager.swift; sourceTree = "<group>"; };
		6620FA4B2652BD65009E9D86 /* FloatViewDelegate.swift */ = {isa = PBXFileReference; lastKnownFileType = sourcecode.swift; name = FloatViewDelegate.swift; path = "/Users/adam/Documents/lingling wannabe/lingling wannabe/FloatViewDelegate.swift"; sourceTree = "<absolute>"; };
		662904F326A8932000342E3D /* whole.svg */ = {isa = PBXFileReference; fileEncoding = 4; lastKnownFileType = text.xml; path = whole.svg; sourceTree = "<group>"; };
		662904F426A8932000342E3D /* crotchet.svg */ = {isa = PBXFileReference; fileEncoding = 4; lastKnownFileType = text.xml; path = crotchet.svg; sourceTree = "<group>"; };
		662904F526A8932000342E3D /* half.svg */ = {isa = PBXFileReference; fileEncoding = 4; lastKnownFileType = text.xml; path = half.svg; sourceTree = "<group>"; };
		662904F626A8932000342E3D /* semiquaver.svg */ = {isa = PBXFileReference; fileEncoding = 4; lastKnownFileType = text.xml; path = semiquaver.svg; sourceTree = "<group>"; };
		662904F726A8932000342E3D /* quaver.svg */ = {isa = PBXFileReference; fileEncoding = 4; lastKnownFileType = text.xml; path = quaver.svg; sourceTree = "<group>"; };
		664C2C432610D0B3002301A0 /* MainView.swift */ = {isa = PBXFileReference; lastKnownFileType = sourcecode.swift; path = MainView.swift; sourceTree = "<group>"; };
		664E4DE727E6872100BD21E1 /* RecordingViewController.swift */ = {isa = PBXFileReference; lastKnownFileType = sourcecode.swift; path = RecordingViewController.swift; sourceTree = "<group>"; };
		664E4DE927E984E400BD21E1 /* AudioPlayerView.swift */ = {isa = PBXFileReference; lastKnownFileType = sourcecode.swift; path = AudioPlayerView.swift; sourceTree = "<group>"; };
		6650B723278CEE7100E420D5 /* xcframework.mk */ = {isa = PBXFileReference; lastKnownFileType = text; name = xcframework.mk; path = ../SFBAudioEngine/XCFrameworks/xcframework.mk; sourceTree = "<group>"; };
		6656856F2A0333E300DD749E /* TrackView.swift */ = {isa = PBXFileReference; lastKnownFileType = sourcecode.swift; path = TrackView.swift; sourceTree = "<group>"; };
		6656DF2027952EA7006A0FBE /* lingling wannabe-Bridging-Header.h */ = {isa = PBXFileReference; lastKnownFileType = sourcecode.c.h; path = "lingling wannabe-Bridging-Header.h"; sourceTree = "<group>"; };
		666C30F426652506003DCAB6 /* LeaderBoardNavigation.swift */ = {isa = PBXFileReference; lastKnownFileType = sourcecode.swift; path = LeaderBoardNavigation.swift; sourceTree = "<group>"; };
		667FD6D7277FCF5D0075DC04 /* DebugViewController.swift */ = {isa = PBXFileReference; lastKnownFileType = sourcecode.swift; path = DebugViewController.swift; sourceTree = "<group>"; };
		6687F2922A10077F00382F44 /* WaveFormLayer.swift */ = {isa = PBXFileReference; lastKnownFileType = sourcecode.swift; path = WaveFormLayer.swift; sourceTree = "<group>"; };
		6687F2962A11A8D800382F44 /* TrackViewController.swift */ = {isa = PBXFileReference; lastKnownFileType = sourcecode.swift; path = TrackViewController.swift; sourceTree = "<group>"; };
		6687F2982A13CEC100382F44 /* TrackItemView.swift */ = {isa = PBXFileReference; lastKnownFileType = sourcecode.swift; path = TrackItemView.swift; sourceTree = "<group>"; };
		6687F29A2A17302300382F44 /* TrackAsset.swift */ = {isa = PBXFileReference; lastKnownFileType = sourcecode.swift; path = TrackAsset.swift; sourceTree = "<group>"; };
		6687F29F2A1E56A800382F44 /* ToolBarView.swift */ = {isa = PBXFileReference; lastKnownFileType = sourcecode.swift; path = ToolBarView.swift; sourceTree = "<group>"; };
		6687F2A12A1E63C200382F44 /* TrackViewControllerDelegate.swift */ = {isa = PBXFileReference; lastKnownFileType = sourcecode.swift; path = TrackViewControllerDelegate.swift; sourceTree = "<group>"; };
		6687F2A52A5DBC6E00382F44 /* VideoExportProgressView.swift */ = {isa = PBXFileReference; lastKnownFileType = sourcecode.swift; path = VideoExportProgressView.swift; sourceTree = "<group>"; };
		668AAFEE265B099C0083CB5B /* UserInfoViewController.swift */ = {isa = PBXFileReference; lastKnownFileType = sourcecode.swift; path = UserInfoViewController.swift; sourceTree = "<group>"; };
		6692E5FB27F9CAD600180A0F /* AudioLabelView.swift */ = {isa = PBXFileReference; lastKnownFileType = sourcecode.swift; path = AudioLabelView.swift; sourceTree = "<group>"; };
		6692E5FD27FA5DA800180A0F /* AudioFileCell.swift */ = {isa = PBXFileReference; lastKnownFileType = sourcecode.swift; path = AudioFileCell.swift; sourceTree = "<group>"; };
		66A4B1AD269246FA00FA38CB /* LoginViewController.swift */ = {isa = PBXFileReference; lastKnownFileType = sourcecode.swift; path = LoginViewController.swift; sourceTree = "<group>"; };
		66A4F64F266035CF002985BA /* CalendarCell.swift */ = {isa = PBXFileReference; lastKnownFileType = sourcecode.swift; path = CalendarCell.swift; sourceTree = "<group>"; };
		66A973062A0A9939006D2D8D /* FDAudioContext.swift */ = {isa = PBXFileReference; fileEncoding = 4; lastKnownFileType = sourcecode.swift; path = FDAudioContext.swift; sourceTree = "<group>"; };
		66A973082A0A993D006D2D8D /* FDWaveformRenderOperation.swift */ = {isa = PBXFileReference; lastKnownFileType = sourcecode.swift; path = FDWaveformRenderOperation.swift; sourceTree = "<group>"; };
		66A9730A2A0A9940006D2D8D /* FDWaveformView.swift */ = {isa = PBXFileReference; lastKnownFileType = sourcecode.swift; path = FDWaveformView.swift; sourceTree = "<group>"; };
		66AC52C126B87332005ED27F /* half_rest.svg */ = {isa = PBXFileReference; fileEncoding = 4; lastKnownFileType = text.xml; path = half_rest.svg; sourceTree = "<group>"; };
		66AC52C526B87885005ED27F /* crotchet_rest.svg */ = {isa = PBXFileReference; fileEncoding = 4; lastKnownFileType = text.xml; path = crotchet_rest.svg; sourceTree = "<group>"; };
		66AC52C726B87A49005ED27F /* whole_rest.svg */ = {isa = PBXFileReference; fileEncoding = 4; lastKnownFileType = text.xml; path = whole_rest.svg; sourceTree = "<group>"; };
		66AC52CC26B89668005ED27F /* semiquaver_rest.svg */ = {isa = PBXFileReference; fileEncoding = 4; lastKnownFileType = text.xml; path = semiquaver_rest.svg; sourceTree = "<group>"; };
		66ADE5A425BE2B0A004B20C6 /* lingling wannabe.app */ = {isa = PBXFileReference; explicitFileType = wrapper.application; includeInIndex = 0; path = "lingling wannabe.app"; sourceTree = BUILT_PRODUCTS_DIR; };
		66ADE5A725BE2B0A004B20C6 /* AppDelegate.swift */ = {isa = PBXFileReference; lastKnownFileType = sourcecode.swift; path = AppDelegate.swift; sourceTree = "<group>"; };
		66ADE5A925BE2B0A004B20C6 /* SceneDelegate.swift */ = {isa = PBXFileReference; lastKnownFileType = sourcecode.swift; path = SceneDelegate.swift; sourceTree = "<group>"; };
		66ADE5AB25BE2B0A004B20C6 /* MainViewController.swift */ = {isa = PBXFileReference; lastKnownFileType = sourcecode.swift; path = MainViewController.swift; sourceTree = "<group>"; };
		66ADE5B025BE2B0B004B20C6 /* Assets.xcassets */ = {isa = PBXFileReference; lastKnownFileType = folder.assetcatalog; path = Assets.xcassets; sourceTree = "<group>"; };
		66ADE5B325BE2B0B004B20C6 /* Base */ = {isa = PBXFileReference; lastKnownFileType = file.storyboard; name = Base; path = Base.lproj/LaunchScreen.storyboard; sourceTree = "<group>"; };
		66ADE5B525BE2B0B004B20C6 /* Info.plist */ = {isa = PBXFileReference; lastKnownFileType = text.plist.xml; path = Info.plist; sourceTree = "<group>"; };
		66ADE5BA25BE2B0B004B20C6 /* lingling wannabeTests.xctest */ = {isa = PBXFileReference; explicitFileType = wrapper.cfbundle; includeInIndex = 0; path = "lingling wannabeTests.xctest"; sourceTree = BUILT_PRODUCTS_DIR; };
		66ADE5BE25BE2B0B004B20C6 /* lingling_wannabeTests.swift */ = {isa = PBXFileReference; lastKnownFileType = sourcecode.swift; path = lingling_wannabeTests.swift; sourceTree = "<group>"; };
		66ADE5C025BE2B0B004B20C6 /* Info.plist */ = {isa = PBXFileReference; lastKnownFileType = text.plist.xml; path = Info.plist; sourceTree = "<group>"; };
		66ADE5C525BE2B0B004B20C6 /* lingling wannabeUITests.xctest */ = {isa = PBXFileReference; explicitFileType = wrapper.cfbundle; includeInIndex = 0; path = "lingling wannabeUITests.xctest"; sourceTree = BUILT_PRODUCTS_DIR; };
		66ADE5C925BE2B0B004B20C6 /* lingling_wannabeUITests.swift */ = {isa = PBXFileReference; lastKnownFileType = sourcecode.swift; path = lingling_wannabeUITests.swift; sourceTree = "<group>"; };
		66ADE5CB25BE2B0B004B20C6 /* Info.plist */ = {isa = PBXFileReference; lastKnownFileType = text.plist.xml; path = Info.plist; sourceTree = "<group>"; };
		66B4368F29DE233D007B9B5A /* AVRecorderViewController.swift */ = {isa = PBXFileReference; lastKnownFileType = sourcecode.swift; path = AVRecorderViewController.swift; sourceTree = "<group>"; };
		66B4369129F5AB26007B9B5A /* VideoEditorViewController.swift */ = {isa = PBXFileReference; lastKnownFileType = sourcecode.swift; path = VideoEditorViewController.swift; sourceTree = "<group>"; };
		66B6D68426D54C1D0001F6B5 /* DataManager.swift */ = {isa = PBXFileReference; lastKnownFileType = sourcecode.swift; path = DataManager.swift; sourceTree = "<group>"; };
		66B6D68626D54F740001F6B5 /* data.db */ = {isa = PBXFileReference; lastKnownFileType = file; path = data.db; sourceTree = SOURCE_ROOT; };
		66B6D68926D551730001F6B5 /* quaver_rest.svg */ = {isa = PBXFileReference; fileEncoding = 4; lastKnownFileType = text.xml; path = quaver_rest.svg; sourceTree = "<group>"; };
		66BBDD5C260A85C4008E54EC /* MSCircularSlider.swift */ = {isa = PBXFileReference; fileEncoding = 4; lastKnownFileType = sourcecode.swift; path = MSCircularSlider.swift; sourceTree = "<group>"; };
		66BBDD61260A85CB008E54EC /* MSCircularSliderHandle.swift */ = {isa = PBXFileReference; fileEncoding = 4; lastKnownFileType = sourcecode.swift; path = MSCircularSliderHandle.swift; sourceTree = "<group>"; };
		66BBDD66260A85D8008E54EC /* MSDoubleHandleCircularSlider.swift */ = {isa = PBXFileReference; fileEncoding = 4; lastKnownFileType = sourcecode.swift; path = MSDoubleHandleCircularSlider.swift; sourceTree = "<group>"; };
		66BBDD6B260A85E0008E54EC /* MSGradientCircularSlider.swift */ = {isa = PBXFileReference; fileEncoding = 4; lastKnownFileType = sourcecode.swift; path = MSGradientCircularSlider.swift; sourceTree = "<group>"; };
		66C099FA26693AA9008F892D /* LeaderBoardViewController.swift */ = {isa = PBXFileReference; lastKnownFileType = sourcecode.swift; path = LeaderBoardViewController.swift; sourceTree = "<group>"; };
		66C957E326514D90008C5B7F /* Metronome.swift */ = {isa = PBXFileReference; lastKnownFileType = sourcecode.swift; path = Metronome.swift; sourceTree = "<group>"; };
		66C957F3265292C4008C5B7F /* tick.wav */ = {isa = PBXFileReference; lastKnownFileType = audio.wav; name = tick.wav; path = ../../../Downloads/tick.wav; sourceTree = "<group>"; };
		66D08642266AC76E0089C833 /* LeaderBoardTableViewController.swift */ = {isa = PBXFileReference; lastKnownFileType = sourcecode.swift; path = LeaderBoardTableViewController.swift; sourceTree = "<group>"; };
		66D0864A266C07540089C833 /* LeaderBoardCell.swift */ = {isa = PBXFileReference; lastKnownFileType = sourcecode.swift; path = LeaderBoardCell.swift; sourceTree = "<group>"; };
		66DCD97127C5D47800BF768D /* InstrumentSelectionViewController.swift */ = {isa = PBXFileReference; lastKnownFileType = sourcecode.swift; path = InstrumentSelectionViewController.swift; sourceTree = "<group>"; };
		66E0478C27B84CA50074935A /* FilesManager.swift */ = {isa = PBXFileReference; lastKnownFileType = sourcecode.swift; path = FilesManager.swift; sourceTree = "<group>"; };
		66E0478E27B899A40074935A /* TutorialView.swift */ = {isa = PBXFileReference; lastKnownFileType = sourcecode.swift; path = TutorialView.swift; sourceTree = "<group>"; };
		66E7604C2752E30C00FD0E0F /* LayerRemover.swift */ = {isa = PBXFileReference; lastKnownFileType = sourcecode.swift; path = LayerRemover.swift; sourceTree = "<group>"; };
		66EA953B26603AA800B59721 /* CalendarData.swift */ = {isa = PBXFileReference; lastKnownFileType = sourcecode.swift; path = CalendarData.swift; sourceTree = "<group>"; };
		66EC2F99263EFF6400F700E5 /* PracticeViewController.swift */ = {isa = PBXFileReference; lastKnownFileType = sourcecode.swift; path = PracticeViewController.swift; sourceTree = "<group>"; };
		66F134CE265D7D1500751D23 /* Helper.swift */ = {isa = PBXFileReference; lastKnownFileType = sourcecode.swift; path = Helper.swift; sourceTree = "<group>"; };
		66FDECE12607CFA300FB9019 /* AudioStreamAnalyzer.swift */ = {isa = PBXFileReference; lastKnownFileType = sourcecode.swift; path = AudioStreamAnalyzer.swift; sourceTree = "<group>"; };
		66FDECE62607CFC500FB9019 /* TwoCategory.mlmodel */ = {isa = PBXFileReference; lastKnownFileType = file.mlmodel; path = TwoCategory.mlmodel; sourceTree = "<group>"; };
		66FDECEB2607D10900FB9019 /* ResultDelegate.swift */ = {isa = PBXFileReference; lastKnownFileType = sourcecode.swift; path = ResultDelegate.swift; sourceTree = "<group>"; };
		66FFF8EA27F8D92F0045568E /* SettingNavigation.swift */ = {isa = PBXFileReference; lastKnownFileType = sourcecode.swift; path = SettingNavigation.swift; sourceTree = "<group>"; };
		66FFF8EC27F8DA370045568E /* SettingViewController.swift */ = {isa = PBXFileReference; lastKnownFileType = sourcecode.swift; path = SettingViewController.swift; sourceTree = "<group>"; };
		66FFF8EF27F8E0A00045568E /* SettingDelegate.swift */ = {isa = PBXFileReference; lastKnownFileType = sourcecode.swift; path = SettingDelegate.swift; sourceTree = "<group>"; };
		A799DCDDF0CF2823F4980E80 /* Pods-lingling wannabe.debug.xcconfig */ = {isa = PBXFileReference; includeInIndex = 1; lastKnownFileType = text.xcconfig; name = "Pods-lingling wannabe.debug.xcconfig"; path = "Target Support Files/Pods-lingling wannabe/Pods-lingling wannabe.debug.xcconfig"; sourceTree = "<group>"; };
		B1C4BD008F0A0FADD58092A0 /* Pods-lingling wannabe.release.xcconfig */ = {isa = PBXFileReference; includeInIndex = 1; lastKnownFileType = text.xcconfig; name = "Pods-lingling wannabe.release.xcconfig"; path = "Target Support Files/Pods-lingling wannabe/Pods-lingling wannabe.release.xcconfig"; sourceTree = "<group>"; };
		B9109EB472831329D990D3AB /* Pods_lingling_wannabe.framework */ = {isa = PBXFileReference; explicitFileType = wrapper.framework; includeInIndex = 0; path = Pods_lingling_wannabe.framework; sourceTree = BUILT_PRODUCTS_DIR; };
/* End PBXFileReference section */

/* Begin PBXFrameworksBuildPhase section */
		66ADE5A125BE2B0A004B20C6 /* Frameworks */ = {
			isa = PBXFrameworksBuildPhase;
			buildActionMask = 2147483647;
			files = (
				A948108B89948C5A3CE6D423 /* Pods_lingling_wannabe.framework in Frameworks */,
			);
			runOnlyForDeploymentPostprocessing = 0;
		};
		66ADE5B725BE2B0B004B20C6 /* Frameworks */ = {
			isa = PBXFrameworksBuildPhase;
			buildActionMask = 2147483647;
			files = (
			);
			runOnlyForDeploymentPostprocessing = 0;
		};
		66ADE5C225BE2B0B004B20C6 /* Frameworks */ = {
			isa = PBXFrameworksBuildPhase;
			buildActionMask = 2147483647;
			files = (
			);
			runOnlyForDeploymentPostprocessing = 0;
		};
/* End PBXFrameworksBuildPhase section */

/* Begin PBXGroup section */
		660C84E8274EA2EB005370E0 /* Paths */ = {
			isa = PBXGroup;
			children = (
				660C84F0274EDC09005370E0 /* crotchet_rest.json */,
				660C84EC274EDC08005370E0 /* crotchet.json */,
				660C84EB274EDC08005370E0 /* half_rest.json */,
				660C84F1274EDC09005370E0 /* half.json */,
				660C84E9274EDC08005370E0 /* quaver_rest.json */,
				660C84EF274EDC09005370E0 /* quaver.json */,
				660C84EA274EDC08005370E0 /* semiquaver_rest.json */,
				660C84F2274EDC09005370E0 /* semiquaver.json */,
				660C84FF2752A892005370E0 /* treble.json */,
				660C84ED274EDC08005370E0 /* whole_rest.json */,
				660C84EE274EDC08005370E0 /* whole.json */,
			);
			path = Paths;
			sourceTree = "<group>";
		};
		6617083D27EEA0DB00B56A23 /* AudioRecordingAndPlay */ = {
			isa = PBXGroup;
			children = (
				6619C0B527EDFB0E00560A0B /* AudioRecorderView.swift */,
				664E4DE927E984E400BD21E1 /* AudioPlayerView.swift */,
				664E4DE727E6872100BD21E1 /* RecordingViewController.swift */,
				6617083E27EEA12700B56A23 /* AudioRecorderDelegate.swift */,
				6692E5FB27F9CAD600180A0F /* AudioLabelView.swift */,
				6692E5FD27FA5DA800180A0F /* AudioFileCell.swift */,
			);
			path = AudioRecordingAndPlay;
			sourceTree = "<group>";
		};
		662904F226A8911400342E3D /* Notations */ = {
			isa = PBXGroup;
			children = (
				662904F426A8932000342E3D /* crotchet.svg */,
				66AC52C526B87885005ED27F /* crotchet_rest.svg */,
				662904F526A8932000342E3D /* half.svg */,
				66AC52C126B87332005ED27F /* half_rest.svg */,
				662904F726A8932000342E3D /* quaver.svg */,
				66B6D68926D551730001F6B5 /* quaver_rest.svg */,
				662904F626A8932000342E3D /* semiquaver.svg */,
				66AC52CC26B89668005ED27F /* semiquaver_rest.svg */,
				660C84FD2752A881005370E0 /* treble.svg */,
				662904F326A8932000342E3D /* whole.svg */,
				66AC52C726B87A49005ED27F /* whole_rest.svg */,
			);
			path = Notations;
			sourceTree = "<group>";
		};
		6687F29E2A1AD91400382F44 /* Track */ = {
			isa = PBXGroup;
			children = (
				6687F2962A11A8D800382F44 /* TrackViewController.swift */,
				6687F2A12A1E63C200382F44 /* TrackViewControllerDelegate.swift */,
				6687F2982A13CEC100382F44 /* TrackItemView.swift */,
				6687F29A2A17302300382F44 /* TrackAsset.swift */,
			);
			path = Track;
			sourceTree = "<group>";
		};
		66A4F65726603712002985BA /* Calendar */ = {
			isa = PBXGroup;
			children = (
				66A4F64F266035CF002985BA /* CalendarCell.swift */,
				66EA953B26603AA800B59721 /* CalendarData.swift */,
			);
			path = Calendar;
			sourceTree = "<group>";
		};
		66A973052A0A98CA006D2D8D /* FDWaveView */ = {
			isa = PBXGroup;
			children = (
				66A973062A0A9939006D2D8D /* FDAudioContext.swift */,
				66A973082A0A993D006D2D8D /* FDWaveformRenderOperation.swift */,
				66A9730A2A0A9940006D2D8D /* FDWaveformView.swift */,
			);
			path = FDWaveView;
			sourceTree = "<group>";
		};
		66ADE59B25BE2B0A004B20C6 = {
			isa = PBXGroup;
			children = (
				66ADE5A625BE2B0A004B20C6 /* lingling wannabe */,
				66ADE5BD25BE2B0B004B20C6 /* lingling wannabeTests */,
				66ADE5C825BE2B0B004B20C6 /* lingling wannabeUITests */,
				66ADE5A525BE2B0A004B20C6 /* Products */,
				EB6D398464925913D272D969 /* Pods */,
				895114EE1D2F5116CF963063 /* Frameworks */,
			);
			sourceTree = "<group>";
		};
		66ADE5A525BE2B0A004B20C6 /* Products */ = {
			isa = PBXGroup;
			children = (
				66ADE5A425BE2B0A004B20C6 /* lingling wannabe.app */,
				66ADE5BA25BE2B0B004B20C6 /* lingling wannabeTests.xctest */,
				66ADE5C525BE2B0B004B20C6 /* lingling wannabeUITests.xctest */,
			);
			name = Products;
			sourceTree = "<group>";
		};
		66ADE5A625BE2B0A004B20C6 /* lingling wannabe */ = {
			isa = PBXGroup;
			children = (
				66ADE5A725BE2B0A004B20C6 /* AppDelegate.swift */,
				66ADE5A925BE2B0A004B20C6 /* SceneDelegate.swift */,
				6617083D27EEA0DB00B56A23 /* AudioRecordingAndPlay */,
				66FDECE12607CFA300FB9019 /* AudioStreamAnalyzer.swift */,
				661F81762773B7AC00FC0A64 /* CredentialManager.swift */,
				667FD6D7277FCF5D0075DC04 /* DebugViewController.swift */,
				66B4368F29DE233D007B9B5A /* AVRecorderViewController.swift */,
				66B4369129F5AB26007B9B5A /* VideoEditorViewController.swift */,
				6687F2A52A5DBC6E00382F44 /* VideoExportProgressView.swift */,
				6687F29F2A1E56A800382F44 /* ToolBarView.swift */,
				6656856F2A0333E300DD749E /* TrackView.swift */,
				6687F29E2A1AD91400382F44 /* Track */,
				6687F2922A10077F00382F44 /* WaveFormLayer.swift */,
				66B6D68426D54C1D0001F6B5 /* DataManager.swift */,
				66E0478C27B84CA50074935A /* FilesManager.swift */,
				66FDECEB2607D10900FB9019 /* ResultDelegate.swift */,
				6620FA4B2652BD65009E9D86 /* FloatViewDelegate.swift */,
				66D08641266AC69C0089C833 /* LeaderBoard */,
				668AAFEE265B099C0083CB5B /* UserInfoViewController.swift */,
				66A4F65726603712002985BA /* Calendar */,
				66EC2F99263EFF6400F700E5 /* PracticeViewController.swift */,
				66C957E326514D90008C5B7F /* Metronome.swift */,
				66ADE5AB25BE2B0A004B20C6 /* MainViewController.swift */,
				664C2C432610D0B3002301A0 /* MainView.swift */,
				66E0478E27B899A40074935A /* TutorialView.swift */,
				66DCD97127C5D47800BF768D /* InstrumentSelectionViewController.swift */,
				66A4B1AD269246FA00FA38CB /* LoginViewController.swift */,
				66FFF8EE27F8E0820045568E /* Setting */,
				66E7604C2752E30C00FD0E0F /* LayerRemover.swift */,
				66F134CE265D7D1500751D23 /* Helper.swift */,
				6614E766269E2A61007C75A5 /* FourierSeries.swift */,
				6656DF2027952EA7006A0FBE /* lingling wannabe-Bridging-Header.h */,
				66C957F3265292C4008C5B7F /* tick.wav */,
				66FDECE62607CFC500FB9019 /* TwoCategory.mlmodel */,
				66ADE5B025BE2B0B004B20C6 /* Assets.xcassets */,
				66B6D68626D54F740001F6B5 /* data.db */,
				660C84E8274EA2EB005370E0 /* Paths */,
				662904F226A8911400342E3D /* Notations */,
				66ADE5B225BE2B0B004B20C6 /* LaunchScreen.storyboard */,
				66ADE5B525BE2B0B004B20C6 /* Info.plist */,
				66A973052A0A98CA006D2D8D /* FDWaveView */,
				66BBDD5B260A857C008E54EC /* MSCircularSlider */,
			);
			path = "lingling wannabe";
			sourceTree = "<group>";
		};
		66ADE5BD25BE2B0B004B20C6 /* lingling wannabeTests */ = {
			isa = PBXGroup;
			children = (
				66ADE5BE25BE2B0B004B20C6 /* lingling_wannabeTests.swift */,
				66ADE5C025BE2B0B004B20C6 /* Info.plist */,
			);
			path = "lingling wannabeTests";
			sourceTree = "<group>";
		};
		66ADE5C825BE2B0B004B20C6 /* lingling wannabeUITests */ = {
			isa = PBXGroup;
			children = (
				66ADE5C925BE2B0B004B20C6 /* lingling_wannabeUITests.swift */,
				66ADE5CB25BE2B0B004B20C6 /* Info.plist */,
			);
			path = "lingling wannabeUITests";
			sourceTree = "<group>";
		};
		66BBDD5B260A857C008E54EC /* MSCircularSlider */ = {
			isa = PBXGroup;
			children = (
				66BBDD5C260A85C4008E54EC /* MSCircularSlider.swift */,
				66BBDD61260A85CB008E54EC /* MSCircularSliderHandle.swift */,
				66BBDD66260A85D8008E54EC /* MSDoubleHandleCircularSlider.swift */,
				66BBDD6B260A85E0008E54EC /* MSGradientCircularSlider.swift */,
			);
			path = MSCircularSlider;
			sourceTree = "<group>";
		};
		66D08641266AC69C0089C833 /* LeaderBoard */ = {
			isa = PBXGroup;
			children = (
				666C30F426652506003DCAB6 /* LeaderBoardNavigation.swift */,
				66C099FA26693AA9008F892D /* LeaderBoardViewController.swift */,
				66D08642266AC76E0089C833 /* LeaderBoardTableViewController.swift */,
				66D0864A266C07540089C833 /* LeaderBoardCell.swift */,
			);
			path = LeaderBoard;
			sourceTree = "<group>";
		};
		66FFF8EE27F8E0820045568E /* Setting */ = {
			isa = PBXGroup;
			children = (
				66FFF8EC27F8DA370045568E /* SettingViewController.swift */,
				66FFF8EA27F8D92F0045568E /* SettingNavigation.swift */,
				66FFF8EF27F8E0A00045568E /* SettingDelegate.swift */,
			);
			path = Setting;
			sourceTree = "<group>";
		};
		895114EE1D2F5116CF963063 /* Frameworks */ = {
			isa = PBXGroup;
			children = (
				6650B723278CEE7100E420D5 /* xcframework.mk */,
				B9109EB472831329D990D3AB /* Pods_lingling_wannabe.framework */,
			);
			name = Frameworks;
			sourceTree = "<group>";
		};
		EB6D398464925913D272D969 /* Pods */ = {
			isa = PBXGroup;
			children = (
				A799DCDDF0CF2823F4980E80 /* Pods-lingling wannabe.debug.xcconfig */,
				B1C4BD008F0A0FADD58092A0 /* Pods-lingling wannabe.release.xcconfig */,
			);
			path = Pods;
			sourceTree = "<group>";
		};
/* End PBXGroup section */

/* Begin PBXNativeTarget section */
		66ADE5A325BE2B0A004B20C6 /* lingling wannabe */ = {
			isa = PBXNativeTarget;
			buildConfigurationList = 66ADE5CE25BE2B0B004B20C6 /* Build configuration list for PBXNativeTarget "lingling wannabe" */;
			buildPhases = (
				82391084AE847DAAC7645FBC /* [CP] Check Pods Manifest.lock */,
				66ADE5A025BE2B0A004B20C6 /* Sources */,
				66ADE5A125BE2B0A004B20C6 /* Frameworks */,
				66ADE5A225BE2B0A004B20C6 /* Resources */,
				60899B7DD8B181BBF8468DBE /* [CP] Embed Pods Frameworks */,
			);
			buildRules = (
			);
			dependencies = (
			);
			name = "lingling wannabe";
			productName = "lingling wannabe";
			productReference = 66ADE5A425BE2B0A004B20C6 /* lingling wannabe.app */;
			productType = "com.apple.product-type.application";
		};
		66ADE5B925BE2B0B004B20C6 /* lingling wannabeTests */ = {
			isa = PBXNativeTarget;
			buildConfigurationList = 66ADE5D125BE2B0B004B20C6 /* Build configuration list for PBXNativeTarget "lingling wannabeTests" */;
			buildPhases = (
				66ADE5B625BE2B0B004B20C6 /* Sources */,
				66ADE5B725BE2B0B004B20C6 /* Frameworks */,
				66ADE5B825BE2B0B004B20C6 /* Resources */,
			);
			buildRules = (
			);
			dependencies = (
				66ADE5BC25BE2B0B004B20C6 /* PBXTargetDependency */,
			);
			name = "lingling wannabeTests";
			productName = "lingling wannabeTests";
			productReference = 66ADE5BA25BE2B0B004B20C6 /* lingling wannabeTests.xctest */;
			productType = "com.apple.product-type.bundle.unit-test";
		};
		66ADE5C425BE2B0B004B20C6 /* lingling wannabeUITests */ = {
			isa = PBXNativeTarget;
			buildConfigurationList = 66ADE5D425BE2B0B004B20C6 /* Build configuration list for PBXNativeTarget "lingling wannabeUITests" */;
			buildPhases = (
				66ADE5C125BE2B0B004B20C6 /* Sources */,
				66ADE5C225BE2B0B004B20C6 /* Frameworks */,
				66ADE5C325BE2B0B004B20C6 /* Resources */,
			);
			buildRules = (
			);
			dependencies = (
				66ADE5C725BE2B0B004B20C6 /* PBXTargetDependency */,
			);
			name = "lingling wannabeUITests";
			productName = "lingling wannabeUITests";
			productReference = 66ADE5C525BE2B0B004B20C6 /* lingling wannabeUITests.xctest */;
			productType = "com.apple.product-type.bundle.ui-testing";
		};
/* End PBXNativeTarget section */

/* Begin PBXProject section */
		66ADE59C25BE2B0A004B20C6 /* Project object */ = {
			isa = PBXProject;
			attributes = {
				LastSwiftUpdateCheck = 1230;
				LastUpgradeCheck = 1230;
				TargetAttributes = {
					66ADE5A325BE2B0A004B20C6 = {
						CreatedOnToolsVersion = 12.3;
					};
					66ADE5B925BE2B0B004B20C6 = {
						CreatedOnToolsVersion = 12.3;
						TestTargetID = 66ADE5A325BE2B0A004B20C6;
					};
					66ADE5C425BE2B0B004B20C6 = {
						CreatedOnToolsVersion = 12.3;
						TestTargetID = 66ADE5A325BE2B0A004B20C6;
					};
				};
			};
			buildConfigurationList = 66ADE59F25BE2B0A004B20C6 /* Build configuration list for PBXProject "lingling wannabe" */;
			compatibilityVersion = "Xcode 9.3";
			developmentRegion = en;
			hasScannedForEncodings = 0;
			knownRegions = (
				en,
				Base,
			);
			mainGroup = 66ADE59B25BE2B0A004B20C6;
			productRefGroup = 66ADE5A525BE2B0A004B20C6 /* Products */;
			projectDirPath = "";
			projectRoot = "";
			targets = (
				66ADE5A325BE2B0A004B20C6 /* lingling wannabe */,
				66ADE5B925BE2B0B004B20C6 /* lingling wannabeTests */,
				66ADE5C425BE2B0B004B20C6 /* lingling wannabeUITests */,
			);
		};
/* End PBXProject section */

/* Begin PBXResourcesBuildPhase section */
		66ADE5A225BE2B0A004B20C6 /* Resources */ = {
			isa = PBXResourcesBuildPhase;
			buildActionMask = 2147483647;
			files = (
				66B6D68726D5505A0001F6B5 /* data.db in Resources */,
				660C84FE2752A881005370E0 /* treble.svg in Resources */,
				66ADE5B425BE2B0B004B20C6 /* LaunchScreen.storyboard in Resources */,
				66C957F4265292C4008C5B7F /* tick.wav in Resources */,
				66ADE5B125BE2B0B004B20C6 /* Assets.xcassets in Resources */,
				660C84F7274EDC09005370E0 /* whole_rest.json in Resources */,
				662904F826A8932000342E3D /* whole.svg in Resources */,
				66AC52C826B87A49005ED27F /* whole_rest.svg in Resources */,
				662904FA26A8932000342E3D /* half.svg in Resources */,
				660C84F3274EDC09005370E0 /* quaver_rest.json in Resources */,
				660C84F8274EDC09005370E0 /* whole.json in Resources */,
				660C84F5274EDC09005370E0 /* half_rest.json in Resources */,
				66AC52C326B87332005ED27F /* half_rest.svg in Resources */,
				660C84F9274EDC09005370E0 /* quaver.json in Resources */,
				660C84FA274EDC09005370E0 /* crotchet_rest.json in Resources */,
				662904F926A8932000342E3D /* crotchet.svg in Resources */,
				660C84FB274EDC09005370E0 /* half.json in Resources */,
				660C85002752A892005370E0 /* treble.json in Resources */,
				66AC52C626B87885005ED27F /* crotchet_rest.svg in Resources */,
				660C84FC274EDC09005370E0 /* semiquaver.json in Resources */,
				660C84F4274EDC09005370E0 /* semiquaver_rest.json in Resources */,
				662904FC26A8932000342E3D /* quaver.svg in Resources */,
				66B6D68A26D551730001F6B5 /* quaver_rest.svg in Resources */,
				662904FB26A8932000342E3D /* semiquaver.svg in Resources */,
				66AC52CE26B89668005ED27F /* semiquaver_rest.svg in Resources */,
				660C84F6274EDC09005370E0 /* crotchet.json in Resources */,
			);
			runOnlyForDeploymentPostprocessing = 0;
		};
		66ADE5B825BE2B0B004B20C6 /* Resources */ = {
			isa = PBXResourcesBuildPhase;
			buildActionMask = 2147483647;
			files = (
			);
			runOnlyForDeploymentPostprocessing = 0;
		};
		66ADE5C325BE2B0B004B20C6 /* Resources */ = {
			isa = PBXResourcesBuildPhase;
			buildActionMask = 2147483647;
			files = (
			);
			runOnlyForDeploymentPostprocessing = 0;
		};
/* End PBXResourcesBuildPhase section */

/* Begin PBXShellScriptBuildPhase section */
		60899B7DD8B181BBF8468DBE /* [CP] Embed Pods Frameworks */ = {
			isa = PBXShellScriptBuildPhase;
			buildActionMask = 2147483647;
			files = (
			);
			inputFileListPaths = (
				"${PODS_ROOT}/Target Support Files/Pods-lingling wannabe/Pods-lingling wannabe-frameworks-${CONFIGURATION}-input-files.xcfilelist",
			);
			name = "[CP] Embed Pods Frameworks";
			outputFileListPaths = (
				"${PODS_ROOT}/Target Support Files/Pods-lingling wannabe/Pods-lingling wannabe-frameworks-${CONFIGURATION}-output-files.xcfilelist",
			);
			runOnlyForDeploymentPostprocessing = 0;
			shellPath = /bin/sh;
			shellScript = "\"${PODS_ROOT}/Target Support Files/Pods-lingling wannabe/Pods-lingling wannabe-frameworks.sh\"\n";
			showEnvVarsInLog = 0;
		};
		82391084AE847DAAC7645FBC /* [CP] Check Pods Manifest.lock */ = {
			isa = PBXShellScriptBuildPhase;
			buildActionMask = 2147483647;
			files = (
			);
			inputFileListPaths = (
			);
			inputPaths = (
				"${PODS_PODFILE_DIR_PATH}/Podfile.lock",
				"${PODS_ROOT}/Manifest.lock",
			);
			name = "[CP] Check Pods Manifest.lock";
			outputFileListPaths = (
			);
			outputPaths = (
				"$(DERIVED_FILE_DIR)/Pods-lingling wannabe-checkManifestLockResult.txt",
			);
			runOnlyForDeploymentPostprocessing = 0;
			shellPath = /bin/sh;
			shellScript = "diff \"${PODS_PODFILE_DIR_PATH}/Podfile.lock\" \"${PODS_ROOT}/Manifest.lock\" > /dev/null\nif [ $? != 0 ] ; then\n    # print error to STDERR\n    echo \"error: The sandbox is not in sync with the Podfile.lock. Run 'pod install' or update your CocoaPods installation.\" >&2\n    exit 1\nfi\n# This output is used by Xcode 'outputs' to avoid re-running this script phase.\necho \"SUCCESS\" > \"${SCRIPT_OUTPUT_FILE_0}\"\n";
			showEnvVarsInLog = 0;
		};
/* End PBXShellScriptBuildPhase section */

/* Begin PBXSourcesBuildPhase section */
		66ADE5A025BE2B0A004B20C6 /* Sources */ = {
			isa = PBXSourcesBuildPhase;
			buildActionMask = 2147483647;
			files = (
				6619C0B627EDFB0E00560A0B /* AudioRecorderView.swift in Sources */,
				6692E5FE27FA5DA800180A0F /* AudioFileCell.swift in Sources */,
				66B6D68526D54C1D0001F6B5 /* DataManager.swift in Sources */,
				66FDECE22607CFA300FB9019 /* AudioStreamAnalyzer.swift in Sources */,
				668AAFEF265B099C0083CB5B /* UserInfoViewController.swift in Sources */,
				66E0478D27B84CA60074935A /* FilesManager.swift in Sources */,
				66ADE5AC25BE2B0A004B20C6 /* MainViewController.swift in Sources */,
				66D08643266AC76E0089C833 /* LeaderBoardTableViewController.swift in Sources */,
				6687F2932A10077F00382F44 /* WaveFormLayer.swift in Sources */,
				66BBDD67260A85D8008E54EC /* MSDoubleHandleCircularSlider.swift in Sources */,
				6687F2972A11A8D800382F44 /* TrackViewController.swift in Sources */,
				66ADE5A825BE2B0A004B20C6 /* AppDelegate.swift in Sources */,
				66BBDD62260A85CB008E54EC /* MSCircularSliderHandle.swift in Sources */,
				66EC2F9A263EFF6400F700E5 /* PracticeViewController.swift in Sources */,
				66F134CF265D7D1500751D23 /* Helper.swift in Sources */,
				66FFF8EB27F8D92F0045568E /* SettingNavigation.swift in Sources */,
				6620FA4C2652BD65009E9D86 /* FloatViewDelegate.swift in Sources */,
				66ADE5AA25BE2B0A004B20C6 /* SceneDelegate.swift in Sources */,
				66A4B1AE269246FA00FA38CB /* LoginViewController.swift in Sources */,
				6687F2992A13CEC100382F44 /* TrackItemView.swift in Sources */,
				66BBDD5D260A85C4008E54EC /* MSCircularSlider.swift in Sources */,
				664C2C442610D0B3002301A0 /* MainView.swift in Sources */,
				6617083F27EEA12700B56A23 /* AudioRecorderDelegate.swift in Sources */,
				66E7604D2752E30C00FD0E0F /* LayerRemover.swift in Sources */,
				66C957E426514D90008C5B7F /* Metronome.swift in Sources */,
				66A973092A0A993D006D2D8D /* FDWaveformRenderOperation.swift in Sources */,
				66FFF8F027F8E0A00045568E /* SettingDelegate.swift in Sources */,
				666C30F526652506003DCAB6 /* LeaderBoardNavigation.swift in Sources */,
				66A4F650266035CF002985BA /* CalendarCell.swift in Sources */,
				66B4369229F5AB26007B9B5A /* VideoEditorViewController.swift in Sources */,
				66BBDD6C260A85E0008E54EC /* MSGradientCircularSlider.swift in Sources */,
				66B4369029DE233D007B9B5A /* AVRecorderViewController.swift in Sources */,
				6687F29B2A17302400382F44 /* TrackAsset.swift in Sources */,
				66A973072A0A9939006D2D8D /* FDAudioContext.swift in Sources */,
				66DCD97227C5D47800BF768D /* InstrumentSelectionViewController.swift in Sources */,
				66EA953C26603AA800B59721 /* CalendarData.swift in Sources */,
				6692E5FC27F9CAD600180A0F /* AudioLabelView.swift in Sources */,
				6614E767269E2A61007C75A5 /* FourierSeries.swift in Sources */,
				667FD6D8277FCF5D0075DC04 /* DebugViewController.swift in Sources */,
				66D0864B266C07540089C833 /* LeaderBoardCell.swift in Sources */,
				665685702A0333E300DD749E /* TrackView.swift in Sources */,
				664E4DE827E6872100BD21E1 /* RecordingViewController.swift in Sources */,
				661F81772773B7AC00FC0A64 /* CredentialManager.swift in Sources */,
				66E0478F27B899A40074935A /* TutorialView.swift in Sources */,
				664E4DEA27E984E400BD21E1 /* AudioPlayerView.swift in Sources */,
				66C099FB26693AA9008F892D /* LeaderBoardViewController.swift in Sources */,
				66FFF8ED27F8DA370045568E /* SettingViewController.swift in Sources */,
				66A9730B2A0A9941006D2D8D /* FDWaveformView.swift in Sources */,
				6687F2A02A1E56A800382F44 /* ToolBarView.swift in Sources */,
				6687F2A62A5DBC6F00382F44 /* VideoExportProgressView.swift in Sources */,
				6687F2A22A1E63C200382F44 /* TrackViewControllerDelegate.swift in Sources */,
				66FDECE72607CFC500FB9019 /* TwoCategory.mlmodel in Sources */,
				66FDECEC2607D10900FB9019 /* ResultDelegate.swift in Sources */,
			);
			runOnlyForDeploymentPostprocessing = 0;
		};
		66ADE5B625BE2B0B004B20C6 /* Sources */ = {
			isa = PBXSourcesBuildPhase;
			buildActionMask = 2147483647;
			files = (
				66ADE5BF25BE2B0B004B20C6 /* lingling_wannabeTests.swift in Sources */,
			);
			runOnlyForDeploymentPostprocessing = 0;
		};
		66ADE5C125BE2B0B004B20C6 /* Sources */ = {
			isa = PBXSourcesBuildPhase;
			buildActionMask = 2147483647;
			files = (
				66ADE5CA25BE2B0B004B20C6 /* lingling_wannabeUITests.swift in Sources */,
			);
			runOnlyForDeploymentPostprocessing = 0;
		};
/* End PBXSourcesBuildPhase section */

/* Begin PBXTargetDependency section */
		66ADE5BC25BE2B0B004B20C6 /* PBXTargetDependency */ = {
			isa = PBXTargetDependency;
			target = 66ADE5A325BE2B0A004B20C6 /* lingling wannabe */;
			targetProxy = 66ADE5BB25BE2B0B004B20C6 /* PBXContainerItemProxy */;
		};
		66ADE5C725BE2B0B004B20C6 /* PBXTargetDependency */ = {
			isa = PBXTargetDependency;
			target = 66ADE5A325BE2B0A004B20C6 /* lingling wannabe */;
			targetProxy = 66ADE5C625BE2B0B004B20C6 /* PBXContainerItemProxy */;
		};
/* End PBXTargetDependency section */

/* Begin PBXVariantGroup section */
		66ADE5B225BE2B0B004B20C6 /* LaunchScreen.storyboard */ = {
			isa = PBXVariantGroup;
			children = (
				66ADE5B325BE2B0B004B20C6 /* Base */,
			);
			name = LaunchScreen.storyboard;
			sourceTree = "<group>";
		};
/* End PBXVariantGroup section */

/* Begin XCBuildConfiguration section */
		66ADE5CC25BE2B0B004B20C6 /* Debug */ = {
			isa = XCBuildConfiguration;
			buildSettings = {
				ALWAYS_SEARCH_USER_PATHS = NO;
				CLANG_ANALYZER_NONNULL = YES;
				CLANG_ANALYZER_NUMBER_OBJECT_CONVERSION = YES_AGGRESSIVE;
				CLANG_CXX_LANGUAGE_STANDARD = "gnu++14";
				CLANG_CXX_LIBRARY = "libc++";
				CLANG_ENABLE_MODULES = YES;
				CLANG_ENABLE_OBJC_ARC = YES;
				CLANG_ENABLE_OBJC_WEAK = YES;
				CLANG_WARN_BLOCK_CAPTURE_AUTORELEASING = YES;
				CLANG_WARN_BOOL_CONVERSION = YES;
				CLANG_WARN_COMMA = YES;
				CLANG_WARN_CONSTANT_CONVERSION = YES;
				CLANG_WARN_DEPRECATED_OBJC_IMPLEMENTATIONS = YES;
				CLANG_WARN_DIRECT_OBJC_ISA_USAGE = YES_ERROR;
				CLANG_WARN_DOCUMENTATION_COMMENTS = YES;
				CLANG_WARN_EMPTY_BODY = YES;
				CLANG_WARN_ENUM_CONVERSION = YES;
				CLANG_WARN_INFINITE_RECURSION = YES;
				CLANG_WARN_INT_CONVERSION = YES;
				CLANG_WARN_NON_LITERAL_NULL_CONVERSION = YES;
				CLANG_WARN_OBJC_IMPLICIT_RETAIN_SELF = YES;
				CLANG_WARN_OBJC_LITERAL_CONVERSION = YES;
				CLANG_WARN_OBJC_ROOT_CLASS = YES_ERROR;
				CLANG_WARN_QUOTED_INCLUDE_IN_FRAMEWORK_HEADER = YES;
				CLANG_WARN_RANGE_LOOP_ANALYSIS = YES;
				CLANG_WARN_STRICT_PROTOTYPES = YES;
				CLANG_WARN_SUSPICIOUS_MOVE = YES;
				CLANG_WARN_UNGUARDED_AVAILABILITY = YES_AGGRESSIVE;
				CLANG_WARN_UNREACHABLE_CODE = YES;
				CLANG_WARN__DUPLICATE_METHOD_MATCH = YES;
				COPY_PHASE_STRIP = NO;
				DEBUG_INFORMATION_FORMAT = dwarf;
				ENABLE_STRICT_OBJC_MSGSEND = YES;
				ENABLE_TESTABILITY = YES;
				GCC_C_LANGUAGE_STANDARD = gnu11;
				GCC_DYNAMIC_NO_PIC = NO;
				GCC_NO_COMMON_BLOCKS = YES;
				GCC_OPTIMIZATION_LEVEL = 0;
				GCC_PREPROCESSOR_DEFINITIONS = (
					"DEBUG=1",
					"$(inherited)",
				);
				GCC_WARN_64_TO_32_BIT_CONVERSION = YES;
				GCC_WARN_ABOUT_RETURN_TYPE = YES_ERROR;
				GCC_WARN_UNDECLARED_SELECTOR = YES;
				GCC_WARN_UNINITIALIZED_AUTOS = YES_AGGRESSIVE;
				GCC_WARN_UNUSED_FUNCTION = YES;
				GCC_WARN_UNUSED_VARIABLE = YES;
				IPHONEOS_DEPLOYMENT_TARGET = 13.0;
				MTL_ENABLE_DEBUG_INFO = INCLUDE_SOURCE;
				MTL_FAST_MATH = YES;
				ONLY_ACTIVE_ARCH = YES;
				SDKROOT = iphoneos;
				SWIFT_ACTIVE_COMPILATION_CONDITIONS = DEBUG;
				SWIFT_OPTIMIZATION_LEVEL = "-Onone";
			};
			name = Debug;
		};
		66ADE5CD25BE2B0B004B20C6 /* Release */ = {
			isa = XCBuildConfiguration;
			buildSettings = {
				ALWAYS_SEARCH_USER_PATHS = NO;
				CLANG_ANALYZER_NONNULL = YES;
				CLANG_ANALYZER_NUMBER_OBJECT_CONVERSION = YES_AGGRESSIVE;
				CLANG_CXX_LANGUAGE_STANDARD = "gnu++14";
				CLANG_CXX_LIBRARY = "libc++";
				CLANG_ENABLE_MODULES = YES;
				CLANG_ENABLE_OBJC_ARC = YES;
				CLANG_ENABLE_OBJC_WEAK = YES;
				CLANG_WARN_BLOCK_CAPTURE_AUTORELEASING = YES;
				CLANG_WARN_BOOL_CONVERSION = YES;
				CLANG_WARN_COMMA = YES;
				CLANG_WARN_CONSTANT_CONVERSION = YES;
				CLANG_WARN_DEPRECATED_OBJC_IMPLEMENTATIONS = YES;
				CLANG_WARN_DIRECT_OBJC_ISA_USAGE = YES_ERROR;
				CLANG_WARN_DOCUMENTATION_COMMENTS = YES;
				CLANG_WARN_EMPTY_BODY = YES;
				CLANG_WARN_ENUM_CONVERSION = YES;
				CLANG_WARN_INFINITE_RECURSION = YES;
				CLANG_WARN_INT_CONVERSION = YES;
				CLANG_WARN_NON_LITERAL_NULL_CONVERSION = YES;
				CLANG_WARN_OBJC_IMPLICIT_RETAIN_SELF = YES;
				CLANG_WARN_OBJC_LITERAL_CONVERSION = YES;
				CLANG_WARN_OBJC_ROOT_CLASS = YES_ERROR;
				CLANG_WARN_QUOTED_INCLUDE_IN_FRAMEWORK_HEADER = YES;
				CLANG_WARN_RANGE_LOOP_ANALYSIS = YES;
				CLANG_WARN_STRICT_PROTOTYPES = YES;
				CLANG_WARN_SUSPICIOUS_MOVE = YES;
				CLANG_WARN_UNGUARDED_AVAILABILITY = YES_AGGRESSIVE;
				CLANG_WARN_UNREACHABLE_CODE = YES;
				CLANG_WARN__DUPLICATE_METHOD_MATCH = YES;
				COPY_PHASE_STRIP = NO;
				DEBUG_INFORMATION_FORMAT = "dwarf-with-dsym";
				ENABLE_NS_ASSERTIONS = NO;
				ENABLE_STRICT_OBJC_MSGSEND = YES;
				GCC_C_LANGUAGE_STANDARD = gnu11;
				GCC_NO_COMMON_BLOCKS = YES;
				GCC_WARN_64_TO_32_BIT_CONVERSION = YES;
				GCC_WARN_ABOUT_RETURN_TYPE = YES_ERROR;
				GCC_WARN_UNDECLARED_SELECTOR = YES;
				GCC_WARN_UNINITIALIZED_AUTOS = YES_AGGRESSIVE;
				GCC_WARN_UNUSED_FUNCTION = YES;
				GCC_WARN_UNUSED_VARIABLE = YES;
				IPHONEOS_DEPLOYMENT_TARGET = 13.0;
				MTL_ENABLE_DEBUG_INFO = NO;
				MTL_FAST_MATH = YES;
				SDKROOT = iphoneos;
				SWIFT_COMPILATION_MODE = wholemodule;
				SWIFT_OPTIMIZATION_LEVEL = "-O";
				VALIDATE_PRODUCT = YES;
			};
			name = Release;
		};
		66ADE5CF25BE2B0B004B20C6 /* Debug */ = {
			isa = XCBuildConfiguration;
			baseConfigurationReference = A799DCDDF0CF2823F4980E80 /* Pods-lingling wannabe.debug.xcconfig */;
			buildSettings = {
				ASSETCATALOG_COMPILER_APPICON_NAME = AppIcon;
				ASSETCATALOG_COMPILER_GLOBAL_ACCENT_COLOR_NAME = AccentColor;
				CODE_SIGN_STYLE = Automatic;
				CURRENT_PROJECT_VERSION = 12;
				DEVELOPMENT_TEAM = LDB5QZMQ6L;
				INFOPLIST_FILE = "lingling wannabe/Info.plist";
				IPHONEOS_DEPLOYMENT_TARGET = 13.0;
				LD_RUNPATH_SEARCH_PATHS = (
					"$(inherited)",
					"@executable_path/Frameworks",
				);
				PRODUCT_BUNDLE_IDENTIFIER = "com.zxxz.lingling-wannabe";
				PRODUCT_NAME = "$(TARGET_NAME)";
				SWIFT_VERSION = 5.0;
				TARGETED_DEVICE_FAMILY = "1,2";
			};
			name = Debug;
		};
		66ADE5D025BE2B0B004B20C6 /* Release */ = {
			isa = XCBuildConfiguration;
			baseConfigurationReference = B1C4BD008F0A0FADD58092A0 /* Pods-lingling wannabe.release.xcconfig */;
			buildSettings = {
				ASSETCATALOG_COMPILER_APPICON_NAME = AppIcon;
				ASSETCATALOG_COMPILER_GLOBAL_ACCENT_COLOR_NAME = AccentColor;
				CODE_SIGN_STYLE = Automatic;
				CURRENT_PROJECT_VERSION = 12;
				DEVELOPMENT_TEAM = LDB5QZMQ6L;
				INFOPLIST_FILE = "lingling wannabe/Info.plist";
				IPHONEOS_DEPLOYMENT_TARGET = 13.0;
				LD_RUNPATH_SEARCH_PATHS = (
					"$(inherited)",
					"@executable_path/Frameworks",
				);
				PRODUCT_BUNDLE_IDENTIFIER = "com.zxxz.lingling-wannabe";
				PRODUCT_NAME = "$(TARGET_NAME)";
				SWIFT_VERSION = 5.0;
				TARGETED_DEVICE_FAMILY = "1,2";
			};
			name = Release;
		};
		66ADE5D225BE2B0B004B20C6 /* Debug */ = {
			isa = XCBuildConfiguration;
			buildSettings = {
				ALWAYS_EMBED_SWIFT_STANDARD_LIBRARIES = YES;
				BUNDLE_LOADER = "$(TEST_HOST)";
				CODE_SIGN_STYLE = Automatic;
				DEVELOPMENT_TEAM = LDB5QZMQ6L;
				INFOPLIST_FILE = "lingling wannabeTests/Info.plist";
				IPHONEOS_DEPLOYMENT_TARGET = 14.3;
				LD_RUNPATH_SEARCH_PATHS = (
					"$(inherited)",
					"@executable_path/Frameworks",
					"@loader_path/Frameworks",
				);
				PRODUCT_BUNDLE_IDENTIFIER = "com.zxxz.lingling-wannabeTests";
				PRODUCT_NAME = "$(TARGET_NAME)";
				SWIFT_VERSION = 5.0;
				TARGETED_DEVICE_FAMILY = "1,2";
				TEST_HOST = "$(BUILT_PRODUCTS_DIR)/lingling wannabe.app/lingling wannabe";
			};
			name = Debug;
		};
		66ADE5D325BE2B0B004B20C6 /* Release */ = {
			isa = XCBuildConfiguration;
			buildSettings = {
				ALWAYS_EMBED_SWIFT_STANDARD_LIBRARIES = YES;
				BUNDLE_LOADER = "$(TEST_HOST)";
				CODE_SIGN_STYLE = Automatic;
				DEVELOPMENT_TEAM = LDB5QZMQ6L;
				INFOPLIST_FILE = "lingling wannabeTests/Info.plist";
				IPHONEOS_DEPLOYMENT_TARGET = 14.3;
				LD_RUNPATH_SEARCH_PATHS = (
					"$(inherited)",
					"@executable_path/Frameworks",
					"@loader_path/Frameworks",
				);
				PRODUCT_BUNDLE_IDENTIFIER = "com.zxxz.lingling-wannabeTests";
				PRODUCT_NAME = "$(TARGET_NAME)";
				SWIFT_VERSION = 5.0;
				TARGETED_DEVICE_FAMILY = "1,2";
				TEST_HOST = "$(BUILT_PRODUCTS_DIR)/lingling wannabe.app/lingling wannabe";
			};
			name = Release;
		};
		66ADE5D525BE2B0B004B20C6 /* Debug */ = {
			isa = XCBuildConfiguration;
			buildSettings = {
				ALWAYS_EMBED_SWIFT_STANDARD_LIBRARIES = YES;
				CODE_SIGN_STYLE = Automatic;
				DEVELOPMENT_TEAM = LDB5QZMQ6L;
				INFOPLIST_FILE = "lingling wannabeUITests/Info.plist";
				LD_RUNPATH_SEARCH_PATHS = (
					"$(inherited)",
					"@executable_path/Frameworks",
					"@loader_path/Frameworks",
				);
				PRODUCT_BUNDLE_IDENTIFIER = "com.zxxz.lingling-wannabeUITests";
				PRODUCT_NAME = "$(TARGET_NAME)";
				SWIFT_VERSION = 5.0;
				TARGETED_DEVICE_FAMILY = "1,2";
				TEST_TARGET_NAME = "lingling wannabe";
			};
			name = Debug;
		};
		66ADE5D625BE2B0B004B20C6 /* Release */ = {
			isa = XCBuildConfiguration;
			buildSettings = {
				ALWAYS_EMBED_SWIFT_STANDARD_LIBRARIES = YES;
				CODE_SIGN_STYLE = Automatic;
				DEVELOPMENT_TEAM = LDB5QZMQ6L;
				INFOPLIST_FILE = "lingling wannabeUITests/Info.plist";
				LD_RUNPATH_SEARCH_PATHS = (
					"$(inherited)",
					"@executable_path/Frameworks",
					"@loader_path/Frameworks",
				);
				PRODUCT_BUNDLE_IDENTIFIER = "com.zxxz.lingling-wannabeUITests";
				PRODUCT_NAME = "$(TARGET_NAME)";
				SWIFT_VERSION = 5.0;
				TARGETED_DEVICE_FAMILY = "1,2";
				TEST_TARGET_NAME = "lingling wannabe";
			};
			name = Release;
		};
/* End XCBuildConfiguration section */

/* Begin XCConfigurationList section */
		66ADE59F25BE2B0A004B20C6 /* Build configuration list for PBXProject "lingling wannabe" */ = {
			isa = XCConfigurationList;
			buildConfigurations = (
				66ADE5CC25BE2B0B004B20C6 /* Debug */,
				66ADE5CD25BE2B0B004B20C6 /* Release */,
			);
			defaultConfigurationIsVisible = 0;
			defaultConfigurationName = Release;
		};
		66ADE5CE25BE2B0B004B20C6 /* Build configuration list for PBXNativeTarget "lingling wannabe" */ = {
			isa = XCConfigurationList;
			buildConfigurations = (
				66ADE5CF25BE2B0B004B20C6 /* Debug */,
				66ADE5D025BE2B0B004B20C6 /* Release */,
			);
			defaultConfigurationIsVisible = 0;
			defaultConfigurationName = Release;
		};
		66ADE5D125BE2B0B004B20C6 /* Build configuration list for PBXNativeTarget "lingling wannabeTests" */ = {
			isa = XCConfigurationList;
			buildConfigurations = (
				66ADE5D225BE2B0B004B20C6 /* Debug */,
				66ADE5D325BE2B0B004B20C6 /* Release */,
			);
			defaultConfigurationIsVisible = 0;
			defaultConfigurationName = Release;
		};
		66ADE5D425BE2B0B004B20C6 /* Build configuration list for PBXNativeTarget "lingling wannabeUITests" */ = {
			isa = XCConfigurationList;
			buildConfigurations = (
				66ADE5D525BE2B0B004B20C6 /* Debug */,
				66ADE5D625BE2B0B004B20C6 /* Release */,
			);
			defaultConfigurationIsVisible = 0;
			defaultConfigurationName = Release;
		};
/* End XCConfigurationList section */
	};
	rootObject = 66ADE59C25BE2B0A004B20C6 /* Project object */;
}
